{
  "version": 4,
  "terraform_version": "0.13.3",
  "serial": 16,
  "lineage": "266e8468-f40a-56d7-e830-9d28e136249d",
  "outputs": {},
  "resources": [
    {
      "mode": "data",
      "type": "exoscale_compute_template",
      "name": "ubuntu",
      "provider": "provider[\"registry.terraform.io/terraform-providers/exoscale\"]",
      "instances": [
        {
          "schema_version": 0,
          "attributes": {
            "filter": "featured",
            "id": "c19542b7-d269-4bd4-bf7c-2cae36d066d3",
            "name": "Linux Ubuntu 20.04 LTS 64-bit",
            "username": "ubuntu",
            "zone": "at-vie-1"
          }
        }
      ]
    },
    {
      "mode": "managed",
      "type": "exoscale_instance_pool",
      "name": "instancepool",
      "provider": "provider[\"registry.terraform.io/terraform-providers/exoscale\"]",
      "instances": [
        {
          "schema_version": 0,
          "attributes": {
            "description": "Instancepool for sprint1",
            "disk_size": 10,
            "id": "e52980b5-a13b-991b-2b1d-ead55fc66d5f",
            "ipv6": false,
            "key_pair": "",
            "name": "ip1",
            "network_ids": null,
            "security_group_ids": [
              "3bdf46bc-da52-410b-a269-85da5fa5ec1e"
            ],
            "service_offering": "micro",
            "size": 2,
            "state": "scaling-up",
            "template_id": "c19542b7-d269-4bd4-bf7c-2cae36d066d3",
            "timeouts": null,
            "user_data": "#!/bin/bash\n\nset -e\n\napt update\napt install -y nginx",
            "virtual_machines": [
              "pool-e5298-klwsc",
              "pool-e5298-wpsmo"
            ],
            "zone": "at-vie-1"
          },
          "private": "eyJlMmJmYjczMC1lY2FhLTExZTYtOGY4OC0zNDM2M2JjN2M0YzAiOnsiY3JlYXRlIjozMDAwMDAwMDAwMDAsImRlbGV0ZSI6MzAwMDAwMDAwMDAwLCJyZWFkIjozMDAwMDAwMDAwMDAsInVwZGF0ZSI6MzAwMDAwMDAwMDAwfX0=",
          "dependencies": [
            "data.exoscale_compute_template.ubuntu",
            "exoscale_security_group.min_ruleset"
          ]
        }
      ]
    },
    {
      "mode": "managed",
      "type": "exoscale_security_group",
      "name": "min_ruleset",
      "provider": "provider[\"registry.terraform.io/terraform-providers/exoscale\"]",
      "instances": [
        {
          "schema_version": 0,
          "attributes": {
            "description": "security group for sprint1",
            "id": "3bdf46bc-da52-410b-a269-85da5fa5ec1e",
            "name": "min_ruleset",
            "tags": null,
            "timeouts": null
          },
          "private": "eyJlMmJmYjczMC1lY2FhLTExZTYtOGY4OC0zNDM2M2JjN2M0YzAiOnsiY3JlYXRlIjozMDAwMDAwMDAwMDAsImRlbGV0ZSI6MzAwMDAwMDAwMDAwLCJyZWFkIjozMDAwMDAwMDAwMDB9fQ=="
        }
      ]
    },
    {
      "mode": "managed",
      "type": "exoscale_security_group_rule",
      "name": "http",
      "provider": "provider[\"registry.terraform.io/terraform-providers/exoscale\"]",
      "instances": [
        {
          "schema_version": 0,
          "attributes": {
            "cidr": "0.0.0.0/0",
            "description": null,
            "end_port": 80,
            "icmp_code": 0,
            "icmp_type": 0,
            "id": "59d2dd5a-42bd-4b7e-9098-b37e61fbe12d",
            "protocol": "TCP",
            "security_group": "min_ruleset",
            "security_group_id": "3bdf46bc-da52-410b-a269-85da5fa5ec1e",
            "start_port": 80,
            "timeouts": null,
            "type": "INGRESS",
            "user_security_group": "",
            "user_security_group_id": null
          },
          "private": "eyJlMmJmYjczMC1lY2FhLTExZTYtOGY4OC0zNDM2M2JjN2M0YzAiOnsiY3JlYXRlIjozMDAwMDAwMDAwMDAsImRlbGV0ZSI6MzAwMDAwMDAwMDAwLCJyZWFkIjozMDAwMDAwMDAwMDB9fQ==",
          "dependencies": [
            "exoscale_security_group.min_ruleset"
          ]
        }
      ]
    },
    {
      "mode": "managed",
      "type": "exoscale_security_group_rule",
      "name": "ssh",
      "provider": "provider[\"registry.terraform.io/terraform-providers/exoscale\"]",
      "instances": [
        {
          "schema_version": 0,
          "attributes": {
            "cidr": "0.0.0.0/0",
            "description": null,
            "end_port": 22,
            "icmp_code": 0,
            "icmp_type": 0,
            "id": "ae1a8a46-a87d-49f0-b439-a4db4c12535b",
            "protocol": "TCP",
            "security_group": "min_ruleset",
            "security_group_id": "3bdf46bc-da52-410b-a269-85da5fa5ec1e",
            "start_port": 22,
            "timeouts": null,
            "type": "INGRESS",
            "user_security_group": "",
            "user_security_group_id": null
          },
          "private": "eyJlMmJmYjczMC1lY2FhLTExZTYtOGY4OC0zNDM2M2JjN2M0YzAiOnsiY3JlYXRlIjozMDAwMDAwMDAwMDAsImRlbGV0ZSI6MzAwMDAwMDAwMDAwLCJyZWFkIjozMDAwMDAwMDAwMDB9fQ==",
          "dependencies": [
            "exoscale_security_group.min_ruleset"
          ]
        }
      ]
    }
  ]
}
